
Microsoft Visual Studio Solution File, Format Version 12.00
# Visual Studio Version 17
VisualStudioVersion = 17.14.36408.4
MinimumVisualStudioVersion = 10.0.40219.1
Project("{FAE04EC0-301F-11D3-BF4B-00C04F79EFBC}") = "Server", "Server\Server.csproj", "{14B6FB0A-A2BC-4344-9FCA-75BD51083E72}"
EndProject
Project("{FAE04EC0-301F-11D3-BF4B-00C04F79EFBC}") = "Client", "Client\Client.csproj", "{E3EE2EA5-9B09-4406-9638-444227FEE7C3}"
EndProject
Project("{FAE04EC0-301F-11D3-BF4B-00C04F79EFBC}") = "Share", "Share\Share.csproj", "{FD009E50-669E-4B16-BCB2-64BE5072F1B7}"
EndProject
Project("{FAE04EC0-301F-11D3-BF4B-00C04F79EFBC}") = "UDPServer", "UDPServer\UDPServer.csproj", "{EC6544AD-D9DA-4087-AD63-7DE431CFADD3}"
EndProject
Project("{FAE04EC0-301F-11D3-BF4B-00C04F79EFBC}") = "UDPClient", "UDPClient\UDPClient.csproj", "{EC824CD0-38D6-4109-8138-2032E4675780}"
EndProject
Global
	GlobalSection(SolutionConfigurationPlatforms) = preSolution
		Debug|Any CPU = Debug|Any CPU
		Release|Any CPU = Release|Any CPU
	EndGlobalSection
	GlobalSection(ProjectConfigurationPlatforms) = postSolution
		{14B6FB0A-A2BC-4344-9FCA-75BD51083E72}.Debug|Any CPU.ActiveCfg = Debug|Any CPU
		{14B6FB0A-A2BC-4344-9FCA-75BD51083E72}.Debug|Any CPU.Build.0 = Debug|Any CPU
		{14B6FB0A-A2BC-4344-9FCA-75BD51083E72}.Release|Any CPU.ActiveCfg = Release|Any CPU
		{14B6FB0A-A2BC-4344-9FCA-75BD51083E72}.Release|Any CPU.Build.0 = Release|Any CPU
		{E3EE2EA5-9B09-4406-9638-444227FEE7C3}.Debug|Any CPU.ActiveCfg = Debug|Any CPU
		{E3EE2EA5-9B09-4406-9638-444227FEE7C3}.Debug|Any CPU.Build.0 = Debug|Any CPU
		{E3EE2EA5-9B09-4406-9638-444227FEE7C3}.Release|Any CPU.ActiveCfg = Release|Any CPU
		{E3EE2EA5-9B09-4406-9638-444227FEE7C3}.Release|Any CPU.Build.0 = Release|Any CPU
		{FD009E50-669E-4B16-BCB2-64BE5072F1B7}.Debug|Any CPU.ActiveCfg = Debug|Any CPU
		{FD009E50-669E-4B16-BCB2-64BE5072F1B7}.Debug|Any CPU.Build.0 = Debug|Any CPU
		{FD009E50-669E-4B16-BCB2-64BE5072F1B7}.Release|Any CPU.ActiveCfg = Release|Any CPU
		{FD009E50-669E-4B16-BCB2-64BE5072F1B7}.Release|Any CPU.Build.0 = Release|Any CPU
		{EC6544AD-D9DA-4087-AD63-7DE431CFADD3}.Debug|Any CPU.ActiveCfg = Debug|Any CPU
		{EC6544AD-D9DA-4087-AD63-7DE431CFADD3}.Debug|Any CPU.Build.0 = Debug|Any CPU
		{EC6544AD-D9DA-4087-AD63-7DE431CFADD3}.Release|Any CPU.ActiveCfg = Release|Any CPU
		{EC6544AD-D9DA-4087-AD63-7DE431CFADD3}.Release|Any CPU.Build.0 = Release|Any CPU
		{EC824CD0-38D6-4109-8138-2032E4675780}.Debug|Any CPU.ActiveCfg = Debug|Any CPU
		{EC824CD0-38D6-4109-8138-2032E4675780}.Debug|Any CPU.Build.0 = Debug|Any CPU
		{EC824CD0-38D6-4109-8138-2032E4675780}.Release|Any CPU.ActiveCfg = Release|Any CPU
		{EC824CD0-38D6-4109-8138-2032E4675780}.Release|Any CPU.Build.0 = Release|Any CPU
	EndGlobalSection
	GlobalSection(SolutionProperties) = preSolution
		HideSolutionNode = FALSE
	EndGlobalSection
	GlobalSection(ExtensibilityGlobals) = postSolution
		SolutionGuid = {45CC48FD-71E9-4470-8E3E-F13B5BB127C0}
	EndGlobalSection
EndGlobal
