
Microsoft Visual Studio Solution File, Format Version 12.00
# Visual Studio Version 17
VisualStudioVersion = 17.8.34511.84
MinimumVisualStudioVersion = 10.0.40219.1
Project("{FAE04EC0-301F-11D3-BF4B-00C04F79EFBC}") = "QuanLyDuLich", "QuanLyDuLich.csproj", "{0CC07C08-AC8D-44A9-83D7-5B381C5BEF04}"
EndProject
Project("{FAE04EC0-301F-11D3-BF4B-00C04F79EFBC}") = "QuanLyNhanVien", "QuanLyNhanVien\QuanLyNhanVien.csproj", "{E73FD6BC-51A4-4F3B-A257-31939BAAB9B5}"
EndProject
Global
	GlobalSection(SolutionConfigurationPlatforms) = preSolution
		Debug|Any CPU = Debug|Any CPU
		Release|Any CPU = Release|Any CPU
	EndGlobalSection
	GlobalSection(ProjectConfigurationPlatforms) = postSolution
		{0CC07C08-AC8D-44A9-83D7-5B381C5BEF04}.Debug|Any CPU.ActiveCfg = Debug|Any CPU
		{0CC07C08-AC8D-44A9-83D7-5B381C5BEF04}.Debug|Any CPU.Build.0 = Debug|Any CPU
		{0CC07C08-AC8D-44A9-83D7-5B381C5BEF04}.Release|Any CPU.ActiveCfg = Release|Any CPU
		{0CC07C08-AC8D-44A9-83D7-5B381C5BEF04}.Release|Any CPU.Build.0 = Release|Any CPU
		{E73FD6BC-51A4-4F3B-A257-31939BAAB9B5}.Debug|Any CPU.ActiveCfg = Debug|Any CPU
		{E73FD6BC-51A4-4F3B-A257-31939BAAB9B5}.Debug|Any CPU.Build.0 = Debug|Any CPU
		{E73FD6BC-51A4-4F3B-A257-31939BAAB9B5}.Release|Any CPU.ActiveCfg = Release|Any CPU
		{E73FD6BC-51A4-4F3B-A257-31939BAAB9B5}.Release|Any CPU.Build.0 = Release|Any CPU
	EndGlobalSection
	GlobalSection(SolutionProperties) = preSolution
		HideSolutionNode = FALSE
	EndGlobalSection
	GlobalSection(ExtensibilityGlobals) = postSolution
		SolutionGuid = {B789AE5C-328E-4033-A8FE-49B1224C0774}
	EndGlobalSection
EndGlobal
