
Microsoft Visual Studio Solution File, Format Version 12.00
# Visual Studio Version 17
VisualStudioVersion = 17.14.36408.4 d17.14
MinimumVisualStudioVersion = 10.0.40219.1
Project("{FAE04EC0-301F-11D3-BF4B-00C04F79EFBC}") = "Lab7_EntityFramework", "Lab7_EntityFramework\Lab7_EntityFramework.csproj", "{709CDDC3-1C5B-4CAF-99B4-0ABD281F3C62}"
EndProject
Global
	GlobalSection(SolutionConfigurationPlatforms) = preSolution
		Debug|Any CPU = Debug|Any CPU
		Release|Any CPU = Release|Any CPU
	EndGlobalSection
	GlobalSection(ProjectConfigurationPlatforms) = postSolution
		{709CDDC3-1C5B-4CAF-99B4-0ABD281F3C62}.Debug|Any CPU.ActiveCfg = Debug|Any CPU
		{709CDDC3-1C5B-4CAF-99B4-0ABD281F3C62}.Debug|Any CPU.Build.0 = Debug|Any CPU
		{709CDDC3-1C5B-4CAF-99B4-0ABD281F3C62}.Release|Any CPU.ActiveCfg = Release|Any CPU
		{709CDDC3-1C5B-4CAF-99B4-0ABD281F3C62}.Release|Any CPU.Build.0 = Release|Any CPU
	EndGlobalSection
	GlobalSection(SolutionProperties) = preSolution
		HideSolutionNode = FALSE
	EndGlobalSection
	GlobalSection(ExtensibilityGlobals) = postSolution
		SolutionGuid = {FC510EA0-4893-44F9-A702-9EB5D42DD82D}
	EndGlobalSection
EndGlobal
