
Microsoft Visual Studio Solution File, Format Version 12.00
# Visual Studio Version 16
VisualStudioVersion = 16.0.30523.141
MinimumVisualStudioVersion = 10.0.40219.1
Project("{8BC9CEB8-8B4A-11D0-8D11-00A0C91BC942}") = "Bai 1_PhuongTrinhBacNhatMotAn", "2312616_PTHieu_Lab3PhanE\2312616_PTHieu_Lab3PhanE.vcxproj", "{4FCDCCBE-F33D-4654-B6DC-71F47F2F4003}"
EndProject
Project("{8BC9CEB8-8B4A-11D0-8D11-00A0C91BC942}") = "Bai 2_PhepToanSoHoc", "Project1\Project1.vcxproj", "{1839B96D-1076-49E8-B786-77136988434A}"
EndProject
Project("{8BC9CEB8-8B4A-11D0-8D11-00A0C91BC942}") = "Bai 3_DoiCoSo", "Bai 3\Bai 3.vcxproj", "{61556B1B-C8C4-4987-AA96-323152B43C90}"
EndProject
Project("{8BC9CEB8-8B4A-11D0-8D11-00A0C91BC942}") = "Bai 4_SoNguyen", "Bai 4\Bai 4.vcxproj", "{04C117BA-AC7B-4862-A4D0-B4BF60B7B69F}"
EndProject
Project("{8BC9CEB8-8B4A-11D0-8D11-00A0C91BC942}") = "Bai 5_ChiSoKhoiCoThe", "Bai 5\Bai 5.vcxproj", "{C6C3441F-F958-4B5A-B38A-6FE5AF2C469F}"
EndProject
Project("{8BC9CEB8-8B4A-11D0-8D11-00A0C91BC942}") = "Bai 6_SoNguyenTo", "Bai 6\Bai 6.vcxproj", "{C4DF488C-C71C-4D99-86E4-E607D7DBDC23}"
EndProject
Project("{8BC9CEB8-8B4A-11D0-8D11-00A0C91BC942}") = "Bai 7_UocSo", "Bai 7_UocSo\Bai 7_UocSo.vcxproj", "{6ADCFFAA-2CD8-484B-82DD-B66BEF6D1817}"
EndProject
Project("{8BC9CEB8-8B4A-11D0-8D11-00A0C91BC942}") = "Bai 8_DaySo", "Bai 8\Bai 8.vcxproj", "{E4309368-E4BD-4BCE-9FB9-B2141278639C}"
EndProject
Project("{8BC9CEB8-8B4A-11D0-8D11-00A0C91BC942}") = "Bai 10_UocChungBoiChung", "Bai 10_UocChungBoiChung\Bai 10_UocChungBoiChung.vcxproj", "{F3874C08-3D22-4909-9841-A41A012280F2}"
EndProject
Project("{8BC9CEB8-8B4A-11D0-8D11-00A0C91BC942}") = "Bai 11_DoanSo", "Bai 11\Bai 11.vcxproj", "{81EBA5C2-34AA-4D5E-AE41-7E9C7A799656}"
EndProject
Project("{8BC9CEB8-8B4A-11D0-8D11-00A0C91BC942}") = "Bai 9_CanBacHai", "Bai 9_CanBacHai\Bai 9_CanBacHai.vcxproj", "{BD81A1A5-5BF8-4C0B-B910-2FFD250E4B1D}"
EndProject
Global
	GlobalSection(SolutionConfigurationPlatforms) = preSolution
		Debug|x64 = Debug|x64
		Debug|x86 = Debug|x86
		Release|x64 = Release|x64
		Release|x86 = Release|x86
	EndGlobalSection
	GlobalSection(ProjectConfigurationPlatforms) = postSolution
		{4FCDCCBE-F33D-4654-B6DC-71F47F2F4003}.Debug|x64.ActiveCfg = Debug|x64
		{4FCDCCBE-F33D-4654-B6DC-71F47F2F4003}.Debug|x64.Build.0 = Debug|x64
		{4FCDCCBE-F33D-4654-B6DC-71F47F2F4003}.Debug|x86.ActiveCfg = Debug|Win32
		{4FCDCCBE-F33D-4654-B6DC-71F47F2F4003}.Debug|x86.Build.0 = Debug|Win32
		{4FCDCCBE-F33D-4654-B6DC-71F47F2F4003}.Release|x64.ActiveCfg = Release|x64
		{4FCDCCBE-F33D-4654-B6DC-71F47F2F4003}.Release|x64.Build.0 = Release|x64
		{4FCDCCBE-F33D-4654-B6DC-71F47F2F4003}.Release|x86.ActiveCfg = Release|Win32
		{4FCDCCBE-F33D-4654-B6DC-71F47F2F4003}.Release|x86.Build.0 = Release|Win32
		{1839B96D-1076-49E8-B786-77136988434A}.Debug|x64.ActiveCfg = Debug|x64
		{1839B96D-1076-49E8-B786-77136988434A}.Debug|x64.Build.0 = Debug|x64
		{1839B96D-1076-49E8-B786-77136988434A}.Debug|x86.ActiveCfg = Debug|Win32
		{1839B96D-1076-49E8-B786-77136988434A}.Debug|x86.Build.0 = Debug|Win32
		{1839B96D-1076-49E8-B786-77136988434A}.Release|x64.ActiveCfg = Release|x64
		{1839B96D-1076-49E8-B786-77136988434A}.Release|x64.Build.0 = Release|x64
		{1839B96D-1076-49E8-B786-77136988434A}.Release|x86.ActiveCfg = Release|Win32
		{1839B96D-1076-49E8-B786-77136988434A}.Release|x86.Build.0 = Release|Win32
		{61556B1B-C8C4-4987-AA96-323152B43C90}.Debug|x64.ActiveCfg = Debug|x64
		{61556B1B-C8C4-4987-AA96-323152B43C90}.Debug|x64.Build.0 = Debug|x64
		{61556B1B-C8C4-4987-AA96-323152B43C90}.Debug|x86.ActiveCfg = Debug|Win32
		{61556B1B-C8C4-4987-AA96-323152B43C90}.Debug|x86.Build.0 = Debug|Win32
		{61556B1B-C8C4-4987-AA96-323152B43C90}.Release|x64.ActiveCfg = Release|x64
		{61556B1B-C8C4-4987-AA96-323152B43C90}.Release|x64.Build.0 = Release|x64
		{61556B1B-C8C4-4987-AA96-323152B43C90}.Release|x86.ActiveCfg = Release|Win32
		{61556B1B-C8C4-4987-AA96-323152B43C90}.Release|x86.Build.0 = Release|Win32
		{04C117BA-AC7B-4862-A4D0-B4BF60B7B69F}.Debug|x64.ActiveCfg = Debug|x64
		{04C117BA-AC7B-4862-A4D0-B4BF60B7B69F}.Debug|x64.Build.0 = Debug|x64
		{04C117BA-AC7B-4862-A4D0-B4BF60B7B69F}.Debug|x86.ActiveCfg = Debug|Win32
		{04C117BA-AC7B-4862-A4D0-B4BF60B7B69F}.Debug|x86.Build.0 = Debug|Win32
		{04C117BA-AC7B-4862-A4D0-B4BF60B7B69F}.Release|x64.ActiveCfg = Release|x64
		{04C117BA-AC7B-4862-A4D0-B4BF60B7B69F}.Release|x64.Build.0 = Release|x64
		{04C117BA-AC7B-4862-A4D0-B4BF60B7B69F}.Release|x86.ActiveCfg = Release|Win32
		{04C117BA-AC7B-4862-A4D0-B4BF60B7B69F}.Release|x86.Build.0 = Release|Win32
		{C6C3441F-F958-4B5A-B38A-6FE5AF2C469F}.Debug|x64.ActiveCfg = Debug|x64
		{C6C3441F-F958-4B5A-B38A-6FE5AF2C469F}.Debug|x64.Build.0 = Debug|x64
		{C6C3441F-F958-4B5A-B38A-6FE5AF2C469F}.Debug|x86.ActiveCfg = Debug|Win32
		{C6C3441F-F958-4B5A-B38A-6FE5AF2C469F}.Debug|x86.Build.0 = Debug|Win32
		{C6C3441F-F958-4B5A-B38A-6FE5AF2C469F}.Release|x64.ActiveCfg = Release|x64
		{C6C3441F-F958-4B5A-B38A-6FE5AF2C469F}.Release|x64.Build.0 = Release|x64
		{C6C3441F-F958-4B5A-B38A-6FE5AF2C469F}.Release|x86.ActiveCfg = Release|Win32
		{C6C3441F-F958-4B5A-B38A-6FE5AF2C469F}.Release|x86.Build.0 = Release|Win32
		{C4DF488C-C71C-4D99-86E4-E607D7DBDC23}.Debug|x64.ActiveCfg = Debug|x64
		{C4DF488C-C71C-4D99-86E4-E607D7DBDC23}.Debug|x64.Build.0 = Debug|x64
		{C4DF488C-C71C-4D99-86E4-E607D7DBDC23}.Debug|x86.ActiveCfg = Debug|Win32
		{C4DF488C-C71C-4D99-86E4-E607D7DBDC23}.Debug|x86.Build.0 = Debug|Win32
		{C4DF488C-C71C-4D99-86E4-E607D7DBDC23}.Release|x64.ActiveCfg = Release|x64
		{C4DF488C-C71C-4D99-86E4-E607D7DBDC23}.Release|x64.Build.0 = Release|x64
		{C4DF488C-C71C-4D99-86E4-E607D7DBDC23}.Release|x86.ActiveCfg = Release|Win32
		{C4DF488C-C71C-4D99-86E4-E607D7DBDC23}.Release|x86.Build.0 = Release|Win32
		{6ADCFFAA-2CD8-484B-82DD-B66BEF6D1817}.Debug|x64.ActiveCfg = Debug|x64
		{6ADCFFAA-2CD8-484B-82DD-B66BEF6D1817}.Debug|x64.Build.0 = Debug|x64
		{6ADCFFAA-2CD8-484B-82DD-B66BEF6D1817}.Debug|x86.ActiveCfg = Debug|Win32
		{6ADCFFAA-2CD8-484B-82DD-B66BEF6D1817}.Debug|x86.Build.0 = Debug|Win32
		{6ADCFFAA-2CD8-484B-82DD-B66BEF6D1817}.Release|x64.ActiveCfg = Release|x64
		{6ADCFFAA-2CD8-484B-82DD-B66BEF6D1817}.Release|x64.Build.0 = Release|x64
		{6ADCFFAA-2CD8-484B-82DD-B66BEF6D1817}.Release|x86.ActiveCfg = Release|Win32
		{6ADCFFAA-2CD8-484B-82DD-B66BEF6D1817}.Release|x86.Build.0 = Release|Win32
		{E4309368-E4BD-4BCE-9FB9-B2141278639C}.Debug|x64.ActiveCfg = Debug|x64
		{E4309368-E4BD-4BCE-9FB9-B2141278639C}.Debug|x64.Build.0 = Debug|x64
		{E4309368-E4BD-4BCE-9FB9-B2141278639C}.Debug|x86.ActiveCfg = Debug|Win32
		{E4309368-E4BD-4BCE-9FB9-B2141278639C}.Debug|x86.Build.0 = Debug|Win32
		{E4309368-E4BD-4BCE-9FB9-B2141278639C}.Release|x64.ActiveCfg = Release|x64
		{E4309368-E4BD-4BCE-9FB9-B2141278639C}.Release|x64.Build.0 = Release|x64
		{E4309368-E4BD-4BCE-9FB9-B2141278639C}.Release|x86.ActiveCfg = Release|Win32
		{E4309368-E4BD-4BCE-9FB9-B2141278639C}.Release|x86.Build.0 = Release|Win32
		{F3874C08-3D22-4909-9841-A41A012280F2}.Debug|x64.ActiveCfg = Debug|x64
		{F3874C08-3D22-4909-9841-A41A012280F2}.Debug|x64.Build.0 = Debug|x64
		{F3874C08-3D22-4909-9841-A41A012280F2}.Debug|x86.ActiveCfg = Debug|Win32
		{F3874C08-3D22-4909-9841-A41A012280F2}.Debug|x86.Build.0 = Debug|Win32
		{F3874C08-3D22-4909-9841-A41A012280F2}.Release|x64.ActiveCfg = Release|x64
		{F3874C08-3D22-4909-9841-A41A012280F2}.Release|x64.Build.0 = Release|x64
		{F3874C08-3D22-4909-9841-A41A012280F2}.Release|x86.ActiveCfg = Release|Win32
		{F3874C08-3D22-4909-9841-A41A012280F2}.Release|x86.Build.0 = Release|Win32
		{81EBA5C2-34AA-4D5E-AE41-7E9C7A799656}.Debug|x64.ActiveCfg = Debug|x64
		{81EBA5C2-34AA-4D5E-AE41-7E9C7A799656}.Debug|x64.Build.0 = Debug|x64
		{81EBA5C2-34AA-4D5E-AE41-7E9C7A799656}.Debug|x86.ActiveCfg = Debug|Win32
		{81EBA5C2-34AA-4D5E-AE41-7E9C7A799656}.Debug|x86.Build.0 = Debug|Win32
		{81EBA5C2-34AA-4D5E-AE41-7E9C7A799656}.Release|x64.ActiveCfg = Release|x64
		{81EBA5C2-34AA-4D5E-AE41-7E9C7A799656}.Release|x64.Build.0 = Release|x64
		{81EBA5C2-34AA-4D5E-AE41-7E9C7A799656}.Release|x86.ActiveCfg = Release|Win32
		{81EBA5C2-34AA-4D5E-AE41-7E9C7A799656}.Release|x86.Build.0 = Release|Win32
		{BD81A1A5-5BF8-4C0B-B910-2FFD250E4B1D}.Debug|x64.ActiveCfg = Debug|x64
		{BD81A1A5-5BF8-4C0B-B910-2FFD250E4B1D}.Debug|x64.Build.0 = Debug|x64
		{BD81A1A5-5BF8-4C0B-B910-2FFD250E4B1D}.Debug|x86.ActiveCfg = Debug|Win32
		{BD81A1A5-5BF8-4C0B-B910-2FFD250E4B1D}.Debug|x86.Build.0 = Debug|Win32
		{BD81A1A5-5BF8-4C0B-B910-2FFD250E4B1D}.Release|x64.ActiveCfg = Release|x64
		{BD81A1A5-5BF8-4C0B-B910-2FFD250E4B1D}.Release|x64.Build.0 = Release|x64
		{BD81A1A5-5BF8-4C0B-B910-2FFD250E4B1D}.Release|x86.ActiveCfg = Release|Win32
		{BD81A1A5-5BF8-4C0B-B910-2FFD250E4B1D}.Release|x86.Build.0 = Release|Win32
	EndGlobalSection
	GlobalSection(SolutionProperties) = preSolution
		HideSolutionNode = FALSE
	EndGlobalSection
	GlobalSection(ExtensibilityGlobals) = postSolution
		SolutionGuid = {0515165B-EDAE-4A43-A35E-7FC7380A8BF0}
	EndGlobalSection
EndGlobal
