
Microsoft Visual Studio Solution File, Format Version 12.00
# Visual Studio Version 16
VisualStudioVersion = 16.0.34031.81
MinimumVisualStudioVersion = 10.0.40219.1
Project("{8BC9CEB8-8B4A-11D0-8D11-00A0C91BC942}") = "2312616_PTHieu_MaTran", "2312616_PTHieu_MaTran\2312616_PTHieu_MaTran.vcxproj", "{CDB612BC-FC4D-4D89-8163-8DC6742F76DC}"
EndProject
Global
	GlobalSection(SolutionConfigurationPlatforms) = preSolution
		Debug|x64 = Debug|x64
		Debug|x86 = Debug|x86
		Release|x64 = Release|x64
		Release|x86 = Release|x86
	EndGlobalSection
	GlobalSection(ProjectConfigurationPlatforms) = postSolution
		{CDB612BC-FC4D-4D89-8163-8DC6742F76DC}.Debug|x64.ActiveCfg = Debug|x64
		{CDB612BC-FC4D-4D89-8163-8DC6742F76DC}.Debug|x64.Build.0 = Debug|x64
		{CDB612BC-FC4D-4D89-8163-8DC6742F76DC}.Debug|x86.ActiveCfg = Debug|Win32
		{CDB612BC-FC4D-4D89-8163-8DC6742F76DC}.Debug|x86.Build.0 = Debug|Win32
		{CDB612BC-FC4D-4D89-8163-8DC6742F76DC}.Release|x64.ActiveCfg = Release|x64
		{CDB612BC-FC4D-4D89-8163-8DC6742F76DC}.Release|x64.Build.0 = Release|x64
		{CDB612BC-FC4D-4D89-8163-8DC6742F76DC}.Release|x86.ActiveCfg = Release|Win32
		{CDB612BC-FC4D-4D89-8163-8DC6742F76DC}.Release|x86.Build.0 = Release|Win32
	EndGlobalSection
	GlobalSection(SolutionProperties) = preSolution
		HideSolutionNode = FALSE
	EndGlobalSection
	GlobalSection(ExtensibilityGlobals) = postSolution
		SolutionGuid = {244F5048-D83F-4A01-BB61-77C6A20EF8DF}
	EndGlobalSection
EndGlobal
