
Microsoft Visual Studio Solution File, Format Version 12.00
# Visual Studio Version 17
VisualStudioVersion = 17.8.34511.84
MinimumVisualStudioVersion = 10.0.40219.1
Project("{FAE04EC0-301F-11D3-BF4B-00C04F79EFBC}") = "KTTHU", "KTTHU.csproj", "{2B847B7C-0981-498F-8CA9-3E8F7E46B3EC}"
EndProject
Global
	GlobalSection(SolutionConfigurationPlatforms) = preSolution
		Debug|Any CPU = Debug|Any CPU
		Release|Any CPU = Release|Any CPU
	EndGlobalSection
	GlobalSection(ProjectConfigurationPlatforms) = postSolution
		{2B847B7C-0981-498F-8CA9-3E8F7E46B3EC}.Debug|Any CPU.ActiveCfg = Debug|Any CPU
		{2B847B7C-0981-498F-8CA9-3E8F7E46B3EC}.Debug|Any CPU.Build.0 = Debug|Any CPU
		{2B847B7C-0981-498F-8CA9-3E8F7E46B3EC}.Release|Any CPU.ActiveCfg = Release|Any CPU
		{2B847B7C-0981-498F-8CA9-3E8F7E46B3EC}.Release|Any CPU.Build.0 = Release|Any CPU
	EndGlobalSection
	GlobalSection(SolutionProperties) = preSolution
		HideSolutionNode = FALSE
	EndGlobalSection
	GlobalSection(ExtensibilityGlobals) = postSolution
		SolutionGuid = {0AF6BD3E-2677-4F44-8EC4-C9737A3C3D21}
	EndGlobalSection
EndGlobal
