
Microsoft Visual Studio Solution File, Format Version 12.00
# Visual Studio Version 17
VisualStudioVersion = 17.14.36408.4 d17.14
MinimumVisualStudioVersion = 10.0.40219.1
Project("{FAE04EC0-301F-11D3-BF4B-00C04F79EFBC}") = "AsyncSocketServer", "AsyncSocketServer\AsyncSocketServer.csproj", "{77555DFE-DEC8-4CDD-A150-D399A0312206}"
EndProject
Project("{FAE04EC0-301F-11D3-BF4B-00C04F79EFBC}") = "AsyncSocketTCP", "AsyncSocketTCP\AsyncSocketTCP.csproj", "{197A51DD-52A2-4CC1-A331-87CB4A4307A1}"
EndProject
Project("{FAE04EC0-301F-11D3-BF4B-00C04F79EFBC}") = "AsyncSocketClient", "AsyncSocketClient\AsyncSocketClient.csproj", "{F3E9C02A-692A-40F4-B9CB-DFF8DA99C223}"
EndProject
Global
	GlobalSection(SolutionConfigurationPlatforms) = preSolution
		Debug|Any CPU = Debug|Any CPU
		Release|Any CPU = Release|Any CPU
	EndGlobalSection
	GlobalSection(ProjectConfigurationPlatforms) = postSolution
		{77555DFE-DEC8-4CDD-A150-D399A0312206}.Debug|Any CPU.ActiveCfg = Debug|Any CPU
		{77555DFE-DEC8-4CDD-A150-D399A0312206}.Debug|Any CPU.Build.0 = Debug|Any CPU
		{77555DFE-DEC8-4CDD-A150-D399A0312206}.Release|Any CPU.ActiveCfg = Release|Any CPU
		{77555DFE-DEC8-4CDD-A150-D399A0312206}.Release|Any CPU.Build.0 = Release|Any CPU
		{197A51DD-52A2-4CC1-A331-87CB4A4307A1}.Debug|Any CPU.ActiveCfg = Debug|Any CPU
		{197A51DD-52A2-4CC1-A331-87CB4A4307A1}.Debug|Any CPU.Build.0 = Debug|Any CPU
		{197A51DD-52A2-4CC1-A331-87CB4A4307A1}.Release|Any CPU.ActiveCfg = Release|Any CPU
		{197A51DD-52A2-4CC1-A331-87CB4A4307A1}.Release|Any CPU.Build.0 = Release|Any CPU
		{F3E9C02A-692A-40F4-B9CB-DFF8DA99C223}.Debug|Any CPU.ActiveCfg = Debug|Any CPU
		{F3E9C02A-692A-40F4-B9CB-DFF8DA99C223}.Debug|Any CPU.Build.0 = Debug|Any CPU
		{F3E9C02A-692A-40F4-B9CB-DFF8DA99C223}.Release|Any CPU.ActiveCfg = Release|Any CPU
		{F3E9C02A-692A-40F4-B9CB-DFF8DA99C223}.Release|Any CPU.Build.0 = Release|Any CPU
	EndGlobalSection
	GlobalSection(SolutionProperties) = preSolution
		HideSolutionNode = FALSE
	EndGlobalSection
	GlobalSection(ExtensibilityGlobals) = postSolution
		SolutionGuid = {05633E6D-D096-4089-8C9A-29045C7994BE}
	EndGlobalSection
EndGlobal
